hash: 0033604d43a06ecf8e1e5aa9febcb6e238557f3f760f804a522089d2f115d4b7
updated: 2019-07-15T15:12:41.3083536+02:00
imports:
- name: github.com/fsnotify/fsnotify
  version: 1485a34d5d5723fea214f5710708e19a831720e4
- name: github.com/gocraft/dbr
  version: 8114670a83bd7b6dd19a2eb21c6ad88822c56414
  subpackages:
  - dialect
- name: github.com/google/uuid
  version: c2e93f3ae59f2904160ceaab466009f965df46d6
- name: github.com/gorilla/handlers
  version: 415c4810185c26aa35ca0315470d77697000794b
- name: github.com/gorilla/mux
  version: d83b6ffe499a29cc05fc977988d0392851779620
- name: github.com/hashicorp/hcl
  version: cf7d376da96d9cecec7c7483cec2735efe54a410
  subpackages:
  - hcl/ast
  - hcl/parser
  - hcl/printer
  - hcl/scanner
  - hcl/strconv
  - hcl/token
  - json/parser
  - json/scanner
  - json/token
- name: github.com/json-iterator/go
  version: 27518f6661eba504be5a7a9a9f6d9460d892ade3
- name: github.com/lib/pq
  version: 2ff3cb3adc01768e0a552b3a02575a6df38a9bea
  subpackages:
  - oid
  - scram
- name: github.com/magiconair/properties
  version: de8848e004dd33dc07a2947b3d76f618a7fc7ef1
- name: github.com/mitchellh/mapstructure
  version: 3536a929edddb9a5b34bd6861dc4a9647cb459fe
- name: github.com/modern-go/concurrent
  version: bacd9c7ef1dd9b15be4a9909b8ac7a4e313eec94
- name: github.com/modern-go/reflect2
  version: 94122c33edd36123c84d5368cfb2b69df93a0ec8
- name: github.com/pelletier/go-toml
  version: dba45d427ff48cfb9bcf633db3a8e43b7364e261
- name: github.com/rs/zerolog
  version: 77a169535877e62778d87315a3be91d262788981
  subpackages:
  - internal/cbor
  - internal/json
  - log
- name: github.com/spf13/afero
  version: 588a75ec4f32903aa5e39a2619ba6a4631e28424
  subpackages:
  - mem
- name: github.com/spf13/cast
  version: c01685bb8421cecb276fa517e91f757215f980b3
- name: github.com/spf13/jwalterweatherman
  version: 94f6ae3ed3bceceafa716478c5fbf8d29ca601a1
- name: github.com/spf13/pflag
  version: 24fa6976df40757dce6aea913e7b81ade90530e1
- name: github.com/spf13/viper
  version: e02bc9eca55d5fc66221bc0aeeaaa77410603914
- name: github.com/subosito/gotenv
  version: 69b5b6104433beb2cb9c3ce00bdadf3c7c2d3f34
- name: golang.org/x/crypto
  version: 4def268fd1a49955bfb3dda92fe3db4f924f2285
  subpackages:
  - bcrypt
  - blowfish
- name: golang.org/x/sys
  version: fae7ac547cb717d141c433a2a173315e216b64c4
  subpackages:
  - unix
- name: golang.org/x/text
  version: 342b2e1fbaa52c93f31447ad2c6abc048c63e475
  subpackages:
  - transform
  - unicode/norm
- name: gopkg.in/yaml.v2
  version: 51d6538a90f86fe93ac480b35f37b2be17fef232
testImports: []
